
Microsoft Visual Studio Solution File, Format Version 12.00
# Visual Studio 15
VisualStudioVersion = 15.0.28307.168
MinimumVisualStudioVersion = 10.0.40219.1
Project("{FAE04EC0-301F-11D3-BF4B-00C04F79EFBC}") = "ReliefGenerator", "ReliefGenerator\ReliefGenerator.csproj", "{0C7A8316-DE68-4442-BF7F-B3E1FCC85D2F}"
EndProject
Global
	GlobalSection(SolutionConfigurationPlatforms) = preSolution
		Debug|Any CPU = Debug|Any CPU
		Release|Any CPU = Release|Any CPU
	EndGlobalSection
	GlobalSection(ProjectConfigurationPlatforms) = postSolution
		{0C7A8316-DE68-4442-BF7F-B3E1FCC85D2F}.Debug|Any CPU.ActiveCfg = Debug|Any CPU
		{0C7A8316-DE68-4442-BF7F-B3E1FCC85D2F}.Debug|Any CPU.Build.0 = Debug|Any CPU
		{0C7A8316-DE68-4442-BF7F-B3E1FCC85D2F}.Release|Any CPU.ActiveCfg = Release|Any CPU
		{0C7A8316-DE68-4442-BF7F-B3E1FCC85D2F}.Release|Any CPU.Build.0 = Release|Any CPU
	EndGlobalSection
	GlobalSection(SolutionProperties) = preSolution
		HideSolutionNode = FALSE
	EndGlobalSection
	GlobalSection(ExtensibilityGlobals) = postSolution
		SolutionGuid = {9575D964-BC4E-4201-9875-FEC65A1A5656}
	EndGlobalSection
EndGlobal
